// !$*UTF8*$!
{
	archiveVersion = 1;
	classes = {
	};
	objectVersion = 46;
	objects = {

/* Begin PBXBuildFile section */
		4988E8F11A0B2B87008D0AE2 /* AppDelegate.swift in Sources */ = {isa = PBXBuildFile; fileRef = 4988E8F01A0B2B87008D0AE2 /* AppDelegate.swift */; };
		4988E8F31A0B2B87008D0AE2 /* ViewController.swift in Sources */ = {isa = PBXBuildFile; fileRef = 4988E8F21A0B2B87008D0AE2 /* ViewController.swift */; };
		4988E8F61A0B2B87008D0AE2 /* Main.storyboard in Resources */ = {isa = PBXBuildFile; fileRef = 4988E8F41A0B2B87008D0AE2 /* Main.storyboard */; };
		4988E8F81A0B2B87008D0AE2 /* Images.xcassets in Resources */ = {isa = PBXBuildFile; fileRef = 4988E8F71A0B2B87008D0AE2 /* Images.xcassets */; };
		4988E8FB1A0B2B87008D0AE2 /* LaunchScreen.xib in Resources */ = {isa = PBXBuildFile; fileRef = 4988E8F91A0B2B87008D0AE2 /* LaunchScreen.xib */; };
		4988E9071A0B2B87008D0AE2 /* CF_Day_4Tests.swift in Sources */ = {isa = PBXBuildFile; fileRef = 4988E9061A0B2B87008D0AE2 /* CF_Day_4Tests.swift */; };
		4988E9151A0B2BB5008D0AE2 /* Person.swift in Sources */ = {isa = PBXBuildFile; fileRef = 4988E9131A0B2BB5008D0AE2 /* Person.swift */; };
		4988E9161A0B2BB5008D0AE2 /* TableViewDS.swift in Sources */ = {isa = PBXBuildFile; fileRef = 4988E9141A0B2BB5008D0AE2 /* TableViewDS.swift */; };
		49B3987C1A0D9474002A269E /* DetailViewController.swift in Sources */ = {isa = PBXBuildFile; fileRef = 49B3987B1A0D9474002A269E /* DetailViewController.swift */; };
/* End PBXBuildFile section */

/* Begin PBXContainerItemProxy section */
		4988E9011A0B2B87008D0AE2 /* PBXContainerItemProxy */ = {
			isa = PBXContainerItemProxy;
			containerPortal = 4988E8E31A0B2B87008D0AE2 /* Project object */;
			proxyType = 1;
			remoteGlobalIDString = 4988E8EA1A0B2B87008D0AE2;
			remoteInfo = "CF-Day-4";
		};
/* End PBXContainerItemProxy section */

/* Begin PBXFileReference section */
		4988E8EB1A0B2B87008D0AE2 /* CF-Day-4.app */ = {isa = PBXFileReference; explicitFileType = wrapper.application; includeInIndex = 0; path = "CF-Day-4.app"; sourceTree = BUILT_PRODUCTS_DIR; };
		4988E8EF1A0B2B87008D0AE2 /* Info.plist */ = {isa = PBXFileReference; lastKnownFileType = text.plist.xml; path = Info.plist; sourceTree = "<group>"; };
		4988E8F01A0B2B87008D0AE2 /* AppDelegate.swift */ = {isa = PBXFileReference; lastKnownFileType = sourcecode.swift; path = AppDelegate.swift; sourceTree = "<group>"; };
		4988E8F21A0B2B87008D0AE2 /* ViewController.swift */ = {isa = PBXFileReference; lastKnownFileType = sourcecode.swift; path = ViewController.swift; sourceTree = "<group>"; };
		4988E8F51A0B2B87008D0AE2 /* Base */ = {isa = PBXFileReference; lastKnownFileType = file.storyboard; name = Base; path = Base.lproj/Main.storyboard; sourceTree = "<group>"; };
		4988E8F71A0B2B87008D0AE2 /* Images.xcassets */ = {isa = PBXFileReference; lastKnownFileType = folder.assetcatalog; path = Images.xcassets; sourceTree = "<group>"; };
		4988E8FA1A0B2B87008D0AE2 /* Base */ = {isa = PBXFileReference; lastKnownFileType = file.xib; name = Base; path = Base.lproj/LaunchScreen.xib; sourceTree = "<group>"; };
		4988E9001A0B2B87008D0AE2 /* CF-Day-4Tests.xctest */ = {isa = PBXFileReference; explicitFileType = wrapper.cfbundle; includeInIndex = 0; path = "CF-Day-4Tests.xctest"; sourceTree = BUILT_PRODUCTS_DIR; };
		4988E9051A0B2B87008D0AE2 /* Info.plist */ = {isa = PBXFileReference; lastKnownFileType = text.plist.xml; path = Info.plist; sourceTree = "<group>"; };
		4988E9061A0B2B87008D0AE2 /* CF_Day_4Tests.swift */ = {isa = PBXFileReference; lastKnownFileType = sourcecode.swift; path = CF_Day_4Tests.swift; sourceTree = "<group>"; };
		4988E9131A0B2BB5008D0AE2 /* Person.swift */ = {isa = PBXFileReference; fileEncoding = 4; lastKnownFileType = sourcecode.swift; path = Person.swift; sourceTree = "<group>"; };
		4988E9141A0B2BB5008D0AE2 /* TableViewDS.swift */ = {isa = PBXFileReference; fileEncoding = 4; lastKnownFileType = sourcecode.swift; path = TableViewDS.swift; sourceTree = "<group>"; };
		49B3987B1A0D9474002A269E /* DetailViewController.swift */ = {isa = PBXFileReference; fileEncoding = 4; lastKnownFileType = sourcecode.swift; path = DetailViewController.swift; sourceTree = "<group>"; };
/* End PBXFileReference section */

/* Begin PBXFrameworksBuildPhase section */
		4988E8E81A0B2B87008D0AE2 /* Frameworks */ = {
			isa = PBXFrameworksBuildPhase;
			buildActionMask = 2147483647;
			files = (
			);
			runOnlyForDeploymentPostprocessing = 0;
		};
		4988E8FD1A0B2B87008D0AE2 /* Frameworks */ = {
			isa = PBXFrameworksBuildPhase;
			buildActionMask = 2147483647;
			files = (
			);
			runOnlyForDeploymentPostprocessing = 0;
		};
/* End PBXFrameworksBuildPhase section */

/* Begin PBXGroup section */
		4988E8E21A0B2B87008D0AE2 = {
			isa = PBXGroup;
			children = (
				4988E8ED1A0B2B87008D0AE2 /* CF-Day-4 */,
				4988E9031A0B2B87008D0AE2 /* CF-Day-4Tests */,
				4988E8EC1A0B2B87008D0AE2 /* Products */,
			);
			sourceTree = "<group>";
		};
		4988E8EC1A0B2B87008D0AE2 /* Products */ = {
			isa = PBXGroup;
			children = (
				4988E8EB1A0B2B87008D0AE2 /* CF-Day-4.app */,
				4988E9001A0B2B87008D0AE2 /* CF-Day-4Tests.xctest */,
			);
			name = Products;
			sourceTree = "<group>";
		};
		4988E8ED1A0B2B87008D0AE2 /* CF-Day-4 */ = {
			isa = PBXGroup;
			children = (
				4988E9121A0B2B9E008D0AE2 /* Models */,
				4988E9111A0B2B97008D0AE2 /* Views */,
				4988E9101A0B2B90008D0AE2 /* Controllers */,
				4988E8F01A0B2B87008D0AE2 /* AppDelegate.swift */,
				4988E8EE1A0B2B87008D0AE2 /* Supporting Files */,
			);
			path = "CF-Day-4";
			sourceTree = "<group>";
		};
		4988E8EE1A0B2B87008D0AE2 /* Supporting Files */ = {
			isa = PBXGroup;
			children = (
				4988E8EF1A0B2B87008D0AE2 /* Info.plist */,
			);
			name = "Supporting Files";
			sourceTree = "<group>";
		};
		4988E9031A0B2B87008D0AE2 /* CF-Day-4Tests */ = {
			isa = PBXGroup;
			children = (
				4988E9061A0B2B87008D0AE2 /* CF_Day_4Tests.swift */,
				4988E9041A0B2B87008D0AE2 /* Supporting Files */,
			);
			path = "CF-Day-4Tests";
			sourceTree = "<group>";
		};
		4988E9041A0B2B87008D0AE2 /* Supporting Files */ = {
			isa = PBXGroup;
			children = (
				4988E9051A0B2B87008D0AE2 /* Info.plist */,
			);
			name = "Supporting Files";
			sourceTree = "<group>";
		};
		4988E9101A0B2B90008D0AE2 /* Controllers */ = {
			isa = PBXGroup;
			children = (
				49B3987B1A0D9474002A269E /* DetailViewController.swift */,
				4988E9141A0B2BB5008D0AE2 /* TableViewDS.swift */,
				4988E8F21A0B2B87008D0AE2 /* ViewController.swift */,
			);
			name = Controllers;
			sourceTree = "<group>";
		};
		4988E9111A0B2B97008D0AE2 /* Views */ = {
			isa = PBXGroup;
			children = (
				4988E8F41A0B2B87008D0AE2 /* Main.storyboard */,
				4988E8F71A0B2B87008D0AE2 /* Images.xcassets */,
				4988E8F91A0B2B87008D0AE2 /* LaunchScreen.xib */,
			);
			name = Views;
			sourceTree = "<group>";
		};
		4988E9121A0B2B9E008D0AE2 /* Models */ = {
			isa = PBXGroup;
			children = (
				4988E9131A0B2BB5008D0AE2 /* Person.swift */,
			);
			name = Models;
			sourceTree = "<group>";
		};
/* End PBXGroup section */

/* Begin PBXNativeTarget section */
		4988E8EA1A0B2B87008D0AE2 /* CF-Day-4 */ = {
			isa = PBXNativeTarget;
			buildConfigurationList = 4988E90A1A0B2B87008D0AE2 /* Build configuration list for PBXNativeTarget "CF-Day-4" */;
			buildPhases = (
				4988E8E71A0B2B87008D0AE2 /* Sources */,
				4988E8E81A0B2B87008D0AE2 /* Frameworks */,
				4988E8E91A0B2B87008D0AE2 /* Resources */,
			);
			buildRules = (
			);
			dependencies = (
			);
			name = "CF-Day-4";
			productName = "CF-Day-4";
			productReference = 4988E8EB1A0B2B87008D0AE2 /* CF-Day-4.app */;
			productType = "com.apple.product-type.application";
		};
		4988E8FF1A0B2B87008D0AE2 /* CF-Day-4Tests */ = {
			isa = PBXNativeTarget;
			buildConfigurationList = 4988E90D1A0B2B87008D0AE2 /* Build configuration list for PBXNativeTarget "CF-Day-4Tests" */;
			buildPhases = (
				4988E8FC1A0B2B87008D0AE2 /* Sources */,
				4988E8FD1A0B2B87008D0AE2 /* Frameworks */,
				4988E8FE1A0B2B87008D0AE2 /* Resources */,
			);
			buildRules = (
			);
			dependencies = (
				4988E9021A0B2B87008D0AE2 /* PBXTargetDependency */,
			);
			name = "CF-Day-4Tests";
			productName = "CF-Day-4Tests";
			productReference = 4988E9001A0B2B87008D0AE2 /* CF-Day-4Tests.xctest */;
			productType = "com.apple.product-type.bundle.unit-test";
		};
/* End PBXNativeTarget section */

/* Begin PBXProject section */
		4988E8E31A0B2B87008D0AE2 /* Project object */ = {
			isa = PBXProject;
			attributes = {
				LastUpgradeCheck = 0610;
				ORGANIZATIONNAME = "DrIST Coach";
				TargetAttributes = {
					4988E8EA1A0B2B87008D0AE2 = {
						CreatedOnToolsVersion = 6.1;
					};
					4988E8FF1A0B2B87008D0AE2 = {
						CreatedOnToolsVersion = 6.1;
						TestTargetID = 4988E8EA1A0B2B87008D0AE2;
					};
				};
			};
			buildConfigurationList = 4988E8E61A0B2B87008D0AE2 /* Build configuration list for PBXProject "CF-Day-4" */;
			compatibilityVersion = "Xcode 3.2";
			developmentRegion = English;
			hasScannedForEncodings = 0;
			knownRegions = (
				en,
				Base,
			);
			mainGroup = 4988E8E21A0B2B87008D0AE2;
			productRefGroup = 4988E8EC1A0B2B87008D0AE2 /* Products */;
			projectDirPath = "";
			projectRoot = "";
			targets = (
				4988E8EA1A0B2B87008D0AE2 /* CF-Day-4 */,
				4988E8FF1A0B2B87008D0AE2 /* CF-Day-4Tests */,
			);
		};
/* End PBXProject section */

/* Begin PBXResourcesBuildPhase section */
		4988E8E91A0B2B87008D0AE2 /* Resources */ = {
			isa = PBXResourcesBuildPhase;
			buildActionMask = 2147483647;
			files = (
				4988E8F61A0B2B87008D0AE2 /* Main.storyboard in Resources */,
				4988E8FB1A0B2B87008D0AE2 /* LaunchScreen.xib in Resources */,
				4988E8F81A0B2B87008D0AE2 /* Images.xcassets in Resources */,
			);
			runOnlyForDeploymentPostprocessing = 0;
		};
		4988E8FE1A0B2B87008D0AE2 /* Resources */ = {
			isa = PBXResourcesBuildPhase;
			buildActionMask = 2147483647;
			files = (
			);
			runOnlyForDeploymentPostprocessing = 0;
		};
/* End PBXResourcesBuildPhase section */

/* Begin PBXSourcesBuildPhase section */
		4988E8E71A0B2B87008D0AE2 /* Sources */ = {
			isa = PBXSourcesBuildPhase;
			buildActionMask = 2147483647;
			files = (
				4988E9151A0B2BB5008D0AE2 /* Person.swift in Sources */,
				4988E8F31A0B2B87008D0AE2 /* ViewController.swift in Sources */,
				49B3987C1A0D9474002A269E /* DetailViewController.swift in Sources */,
				4988E9161A0B2BB5008D0AE2 /* TableViewDS.swift in Sources */,
				4988E8F11A0B2B87008D0AE2 /* AppDelegate.swift in Sources */,
			);
			runOnlyForDeploymentPostprocessing = 0;
		};
		4988E8FC1A0B2B87008D0AE2 /* Sources */ = {
			isa = PBXSourcesBuildPhase;
			buildActionMask = 2147483647;
			files = (
				4988E9071A0B2B87008D0AE2 /* CF_Day_4Tests.swift in Sources */,
			);
			runOnlyForDeploymentPostprocessing = 0;
		};
/* End PBXSourcesBuildPhase section */

/* Begin PBXTargetDependency section */
		4988E9021A0B2B87008D0AE2 /* PBXTargetDependency */ = {
			isa = PBXTargetDependency;
			target = 4988E8EA1A0B2B87008D0AE2 /* CF-Day-4 */;
			targetProxy = 4988E9011A0B2B87008D0AE2 /* PBXContainerItemProxy */;
		};
/* End PBXTargetDependency section */

/* Begin PBXVariantGroup section */
		4988E8F41A0B2B87008D0AE2 /* Main.storyboard */ = {
			isa = PBXVariantGroup;
			children = (
				4988E8F51A0B2B87008D0AE2 /* Base */,
			);
			name = Main.storyboard;
			sourceTree = "<group>";
		};
		4988E8F91A0B2B87008D0AE2 /* LaunchScreen.xib */ = {
			isa = PBXVariantGroup;
			children = (
				4988E8FA1A0B2B87008D0AE2 /* Base */,
			);
			name = LaunchScreen.xib;
			sourceTree = "<group>";
		};
/* End PBXVariantGroup section */

/* Begin XCBuildConfiguration section */
		4988E9081A0B2B87008D0AE2 /* Debug */ = {
			isa = XCBuildConfiguration;
			buildSettings = {
				ALWAYS_SEARCH_USER_PATHS = NO;
				CLANG_CXX_LANGUAGE_STANDARD = "gnu++0x";
				CLANG_CXX_LIBRARY = "libc++";
				CLANG_ENABLE_MODULES = YES;
				CLANG_ENABLE_OBJC_ARC = YES;
				CLANG_WARN_BOOL_CONVERSION = YES;
				CLANG_WARN_CONSTANT_CONVERSION = YES;
				CLANG_WARN_DIRECT_OBJC_ISA_USAGE = YES_ERROR;
				CLANG_WARN_EMPTY_BODY = YES;
				CLANG_WARN_ENUM_CONVERSION = YES;
				CLANG_WARN_INT_CONVERSION = YES;
				CLANG_WARN_OBJC_ROOT_CLASS = YES_ERROR;
				CLANG_WARN_UNREACHABLE_CODE = YES;
				CLANG_WARN__DUPLICATE_METHOD_MATCH = YES;
				"CODE_SIGN_IDENTITY[sdk=iphoneos*]" = "iPhone Developer";
				COPY_PHASE_STRIP = NO;
				ENABLE_STRICT_OBJC_MSGSEND = YES;
				GCC_C_LANGUAGE_STANDARD = gnu99;
				GCC_DYNAMIC_NO_PIC = NO;
				GCC_OPTIMIZATION_LEVEL = 0;
				GCC_PREPROCESSOR_DEFINITIONS = (
					"DEBUG=1",
					"$(inherited)",
				);
				GCC_SYMBOLS_PRIVATE_EXTERN = NO;
				GCC_WARN_64_TO_32_BIT_CONVERSION = YES;
				GCC_WARN_ABOUT_RETURN_TYPE = YES_ERROR;
				GCC_WARN_UNDECLARED_SELECTOR = YES;
				GCC_WARN_UNINITIALIZED_AUTOS = YES_AGGRESSIVE;
				GCC_WARN_UNUSED_FUNCTION = YES;
				GCC_WARN_UNUSED_VARIABLE = YES;
				IPHONEOS_DEPLOYMENT_TARGET = 8.1;
				MTL_ENABLE_DEBUG_INFO = YES;
				ONLY_ACTIVE_ARCH = YES;
				SDKROOT = iphoneos;
				SWIFT_OPTIMIZATION_LEVEL = "-Onone";
			};
			name = Debug;
		};
		4988E9091A0B2B87008D0AE2 /* Release */ = {
			isa = XCBuildConfiguration;
			buildSettings = {
				ALWAYS_SEARCH_USER_PATHS = NO;
				CLANG_CXX_LANGUAGE_STANDARD = "gnu++0x";
				CLANG_CXX_LIBRARY = "libc++";
				CLANG_ENABLE_MODULES = YES;
				CLANG_ENABLE_OBJC_ARC = YES;
				CLANG_WARN_BOOL_CONVERSION = YES;
				CLANG_WARN_CONSTANT_CONVERSION = YES;
				CLANG_WARN_DIRECT_OBJC_ISA_USAGE = YES_ERROR;
				CLANG_WARN_EMPTY_BODY = YES;
				CLANG_WARN_ENUM_CONVERSION = YES;
				CLANG_WARN_INT_CONVERSION = YES;
				CLANG_WARN_OBJC_ROOT_CLASS = YES_ERROR;
				CLANG_WARN_UNREACHABLE_CODE = YES;
				CLANG_WARN__DUPLICATE_METHOD_MATCH = YES;
				"CODE_SIGN_IDENTITY[sdk=iphoneos*]" = "iPhone Developer";
				COPY_PHASE_STRIP = YES;
				ENABLE_NS_ASSERTIONS = NO;
				ENABLE_STRICT_OBJC_MSGSEND = YES;
				GCC_C_LANGUAGE_STANDARD = gnu99;
				GCC_WARN_64_TO_32_BIT_CONVERSION = YES;
				GCC_WARN_ABOUT_RETURN_TYPE = YES_ERROR;
				GCC_WARN_UNDECLARED_SELECTOR = YES;
				GCC_WARN_UNINITIALIZED_AUTOS = YES_AGGRESSIVE;
				GCC_WARN_UNUSED_FUNCTION = YES;
				GCC_WARN_UNUSED_VARIABLE = YES;
				IPHONEOS_DEPLOYMENT_TARGET = 8.1;
				MTL_ENABLE_DEBUG_INFO = NO;
				SDKROOT = iphoneos;
				VALIDATE_PRODUCT = YES;
			};
			name = Release;
		};
		4988E90B1A0B2B87008D0AE2 /* Debug */ = {
			isa = XCBuildConfiguration;
			buildSettings = {
				ASSETCATALOG_COMPILER_APPICON_NAME = AppIcon;
				INFOPLIST_FILE = "CF-Day-4/Info.plist";
				LD_RUNPATH_SEARCH_PATHS = "$(inherited) @executable_path/Frameworks";
				PRODUCT_NAME = "$(TARGET_NAME)";
			};
			name = Debug;
		};
		4988E90C1A0B2B87008D0AE2 /* Release */ = {
			isa = XCBuildConfiguration;
			buildSettings = {
				ASSETCATALOG_COMPILER_APPICON_NAME = AppIcon;
				INFOPLIST_FILE = "CF-Day-4/Info.plist";
				LD_RUNPATH_SEARCH_PATHS = "$(inherited) @executable_path/Frameworks";
				PRODUCT_NAME = "$(TARGET_NAME)";
			};
			name = Release;
		};
		4988E90E1A0B2B87008D0AE2 /* Debug */ = {
			isa = XCBuildConfiguration;
			buildSettings = {
				BUNDLE_LOADER = "$(TEST_HOST)";
				FRAMEWORK_SEARCH_PATHS = (
					"$(SDKROOT)/Developer/Library/Frameworks",
					"$(inherited)",
				);
				GCC_PREPROCESSOR_DEFINITIONS = (
					"DEBUG=1",
					"$(inherited)",
				);
				INFOPLIST_FILE = "CF-Day-4Tests/Info.plist";
				LD_RUNPATH_SEARCH_PATHS = "$(inherited) @executable_path/Frameworks @loader_path/Frameworks";
				PRODUCT_NAME = "$(TARGET_NAME)";
				TEST_HOST = "$(BUILT_PRODUCTS_DIR)/CF-Day-4.app/CF-Day-4";
			};
			name = Debug;
		};
		4988E90F1A0B2B87008D0AE2 /* Release */ = {
			isa = XCBuildConfiguration;
			buildSettings = {
				BUNDLE_LOADER = "$(TEST_HOST)";
				FRAMEWORK_SEARCH_PATHS = (
					"$(SDKROOT)/Developer/Library/Frameworks",
					"$(inherited)",
				);
				INFOPLIST_FILE = "CF-Day-4Tests/Info.plist";
				LD_RUNPATH_SEARCH_PATHS = "$(inherited) @executable_path/Frameworks @loader_path/Frameworks";
				PRODUCT_NAME = "$(TARGET_NAME)";
				TEST_HOST = "$(BUILT_PRODUCTS_DIR)/CF-Day-4.app/CF-Day-4";
			};
			name = Release;
		};
/* End XCBuildConfiguration section */

/* Begin XCConfigurationList section */
		4988E8E61A0B2B87008D0AE2 /* Build configuration list for PBXProject "CF-Day-4" */ = {
			isa = XCConfigurationList;
			buildConfigurations = (
				4988E9081A0B2B87008D0AE2 /* Debug */,
				4988E9091A0B2B87008D0AE2 /* Release */,
			);
			defaultConfigurationIsVisible = 0;
			defaultConfigurationName = Release;
		};
		4988E90A1A0B2B87008D0AE2 /* Build configuration list for PBXNativeTarget "CF-Day-4" */ = {
			isa = XCConfigurationList;
			buildConfigurations = (
				4988E90B1A0B2B87008D0AE2 /* Debug */,
				4988E90C1A0B2B87008D0AE2 /* Release */,
			);
			defaultConfigurationIsVisible = 0;
			defaultConfigurationName = Release;
		};
		4988E90D1A0B2B87008D0AE2 /* Build configuration list for PBXNativeTarget "CF-Day-4Tests" */ = {
			isa = XCConfigurationList;
			buildConfigurations = (
				4988E90E1A0B2B87008D0AE2 /* Debug */,
				4988E90F1A0B2B87008D0AE2 /* Release */,
			);
			defaultConfigurationIsVisible = 0;
			defaultConfigurationName = Release;
		};
/* End XCConfigurationList section */
	};
	rootObject = 4988E8E31A0B2B87008D0AE2 /* Project object */;
}
