// !$*UTF8*$!
{
	archiveVersion = 1;
	classes = {
	};
	objectVersion = 46;
	objects = {

/* Begin PBXBuildFile section */
		493C604119FF42BC0018D4CE /* AppDelegate.swift in Sources */ = {isa = PBXBuildFile; fileRef = 493C604019FF42BC0018D4CE /* AppDelegate.swift */; };
		493C604319FF42BC0018D4CE /* ViewController.swift in Sources */ = {isa = PBXBuildFile; fileRef = 493C604219FF42BC0018D4CE /* ViewController.swift */; };
		493C604619FF42BC0018D4CE /* Main.storyboard in Resources */ = {isa = PBXBuildFile; fileRef = 493C604419FF42BC0018D4CE /* Main.storyboard */; };
		493C604819FF42BD0018D4CE /* Images.xcassets in Resources */ = {isa = PBXBuildFile; fileRef = 493C604719FF42BD0018D4CE /* Images.xcassets */; };
		493C604B19FF42BD0018D4CE /* LaunchScreen.xib in Resources */ = {isa = PBXBuildFile; fileRef = 493C604919FF42BD0018D4CE /* LaunchScreen.xib */; };
		493C605719FF42BD0018D4CE /* CodeFellows_First_SingleView_ExampleTests.swift in Sources */ = {isa = PBXBuildFile; fileRef = 493C605619FF42BD0018D4CE /* CodeFellows_First_SingleView_ExampleTests.swift */; };
/* End PBXBuildFile section */

/* Begin PBXContainerItemProxy section */
		493C605119FF42BD0018D4CE /* PBXContainerItemProxy */ = {
			isa = PBXContainerItemProxy;
			containerPortal = 493C603319FF42BC0018D4CE /* Project object */;
			proxyType = 1;
			remoteGlobalIDString = 493C603A19FF42BC0018D4CE;
			remoteInfo = "CodeFellows-First-SingleView-Example";
		};
/* End PBXContainerItemProxy section */

/* Begin PBXFileReference section */
		493C603B19FF42BC0018D4CE /* CodeFellows-First-SingleView-Example.app */ = {isa = PBXFileReference; explicitFileType = wrapper.application; includeInIndex = 0; path = "CodeFellows-First-SingleView-Example.app"; sourceTree = BUILT_PRODUCTS_DIR; };
		493C603F19FF42BC0018D4CE /* Info.plist */ = {isa = PBXFileReference; lastKnownFileType = text.plist.xml; path = Info.plist; sourceTree = "<group>"; };
		493C604019FF42BC0018D4CE /* AppDelegate.swift */ = {isa = PBXFileReference; lastKnownFileType = sourcecode.swift; path = AppDelegate.swift; sourceTree = "<group>"; };
		493C604219FF42BC0018D4CE /* ViewController.swift */ = {isa = PBXFileReference; lastKnownFileType = sourcecode.swift; path = ViewController.swift; sourceTree = "<group>"; };
		493C604519FF42BC0018D4CE /* Base */ = {isa = PBXFileReference; lastKnownFileType = file.storyboard; name = Base; path = Base.lproj/Main.storyboard; sourceTree = "<group>"; };
		493C604719FF42BD0018D4CE /* Images.xcassets */ = {isa = PBXFileReference; lastKnownFileType = folder.assetcatalog; path = Images.xcassets; sourceTree = "<group>"; };
		493C604A19FF42BD0018D4CE /* Base */ = {isa = PBXFileReference; lastKnownFileType = file.xib; name = Base; path = Base.lproj/LaunchScreen.xib; sourceTree = "<group>"; };
		493C605019FF42BD0018D4CE /* CodeFellows-First-SingleView-ExampleTests.xctest */ = {isa = PBXFileReference; explicitFileType = wrapper.cfbundle; includeInIndex = 0; path = "CodeFellows-First-SingleView-ExampleTests.xctest"; sourceTree = BUILT_PRODUCTS_DIR; };
		493C605519FF42BD0018D4CE /* Info.plist */ = {isa = PBXFileReference; lastKnownFileType = text.plist.xml; path = Info.plist; sourceTree = "<group>"; };
		493C605619FF42BD0018D4CE /* CodeFellows_First_SingleView_ExampleTests.swift */ = {isa = PBXFileReference; lastKnownFileType = sourcecode.swift; path = CodeFellows_First_SingleView_ExampleTests.swift; sourceTree = "<group>"; };
/* End PBXFileReference section */

/* Begin PBXFrameworksBuildPhase section */
		493C603819FF42BC0018D4CE /* Frameworks */ = {
			isa = PBXFrameworksBuildPhase;
			buildActionMask = 2147483647;
			files = (
			);
			runOnlyForDeploymentPostprocessing = 0;
		};
		493C604D19FF42BD0018D4CE /* Frameworks */ = {
			isa = PBXFrameworksBuildPhase;
			buildActionMask = 2147483647;
			files = (
			);
			runOnlyForDeploymentPostprocessing = 0;
		};
/* End PBXFrameworksBuildPhase section */

/* Begin PBXGroup section */
		493C603219FF42BC0018D4CE = {
			isa = PBXGroup;
			children = (
				493C603D19FF42BC0018D4CE /* CodeFellows-First-SingleView-Example */,
				493C605319FF42BD0018D4CE /* CodeFellows-First-SingleView-ExampleTests */,
				493C603C19FF42BC0018D4CE /* Products */,
			);
			sourceTree = "<group>";
		};
		493C603C19FF42BC0018D4CE /* Products */ = {
			isa = PBXGroup;
			children = (
				493C603B19FF42BC0018D4CE /* CodeFellows-First-SingleView-Example.app */,
				493C605019FF42BD0018D4CE /* CodeFellows-First-SingleView-ExampleTests.xctest */,
			);
			name = Products;
			sourceTree = "<group>";
		};
		493C603D19FF42BC0018D4CE /* CodeFellows-First-SingleView-Example */ = {
			isa = PBXGroup;
			children = (
				493C604019FF42BC0018D4CE /* AppDelegate.swift */,
				493C604219FF42BC0018D4CE /* ViewController.swift */,
				493C604419FF42BC0018D4CE /* Main.storyboard */,
				493C604719FF42BD0018D4CE /* Images.xcassets */,
				493C604919FF42BD0018D4CE /* LaunchScreen.xib */,
				493C603E19FF42BC0018D4CE /* Supporting Files */,
			);
			path = "CodeFellows-First-SingleView-Example";
			sourceTree = "<group>";
		};
		493C603E19FF42BC0018D4CE /* Supporting Files */ = {
			isa = PBXGroup;
			children = (
				493C603F19FF42BC0018D4CE /* Info.plist */,
			);
			name = "Supporting Files";
			sourceTree = "<group>";
		};
		493C605319FF42BD0018D4CE /* CodeFellows-First-SingleView-ExampleTests */ = {
			isa = PBXGroup;
			children = (
				493C605619FF42BD0018D4CE /* CodeFellows_First_SingleView_ExampleTests.swift */,
				493C605419FF42BD0018D4CE /* Supporting Files */,
			);
			path = "CodeFellows-First-SingleView-ExampleTests";
			sourceTree = "<group>";
		};
		493C605419FF42BD0018D4CE /* Supporting Files */ = {
			isa = PBXGroup;
			children = (
				493C605519FF42BD0018D4CE /* Info.plist */,
			);
			name = "Supporting Files";
			sourceTree = "<group>";
		};
/* End PBXGroup section */

/* Begin PBXNativeTarget section */
		493C603A19FF42BC0018D4CE /* CodeFellows-First-SingleView-Example */ = {
			isa = PBXNativeTarget;
			buildConfigurationList = 493C605A19FF42BD0018D4CE /* Build configuration list for PBXNativeTarget "CodeFellows-First-SingleView-Example" */;
			buildPhases = (
				493C603719FF42BC0018D4CE /* Sources */,
				493C603819FF42BC0018D4CE /* Frameworks */,
				493C603919FF42BC0018D4CE /* Resources */,
			);
			buildRules = (
			);
			dependencies = (
			);
			name = "CodeFellows-First-SingleView-Example";
			productName = "CodeFellows-First-SingleView-Example";
			productReference = 493C603B19FF42BC0018D4CE /* CodeFellows-First-SingleView-Example.app */;
			productType = "com.apple.product-type.application";
		};
		493C604F19FF42BD0018D4CE /* CodeFellows-First-SingleView-ExampleTests */ = {
			isa = PBXNativeTarget;
			buildConfigurationList = 493C605D19FF42BD0018D4CE /* Build configuration list for PBXNativeTarget "CodeFellows-First-SingleView-ExampleTests" */;
			buildPhases = (
				493C604C19FF42BD0018D4CE /* Sources */,
				493C604D19FF42BD0018D4CE /* Frameworks */,
				493C604E19FF42BD0018D4CE /* Resources */,
			);
			buildRules = (
			);
			dependencies = (
				493C605219FF42BD0018D4CE /* PBXTargetDependency */,
			);
			name = "CodeFellows-First-SingleView-ExampleTests";
			productName = "CodeFellows-First-SingleView-ExampleTests";
			productReference = 493C605019FF42BD0018D4CE /* CodeFellows-First-SingleView-ExampleTests.xctest */;
			productType = "com.apple.product-type.bundle.unit-test";
		};
/* End PBXNativeTarget section */

/* Begin PBXProject section */
		493C603319FF42BC0018D4CE /* Project object */ = {
			isa = PBXProject;
			attributes = {
				LastUpgradeCheck = 0610;
				ORGANIZATIONNAME = "DrIST Coach";
				TargetAttributes = {
					493C603A19FF42BC0018D4CE = {
						CreatedOnToolsVersion = 6.1;
					};
					493C604F19FF42BD0018D4CE = {
						CreatedOnToolsVersion = 6.1;
						TestTargetID = 493C603A19FF42BC0018D4CE;
					};
				};
			};
			buildConfigurationList = 493C603619FF42BC0018D4CE /* Build configuration list for PBXProject "CodeFellows-First-SingleView-Example" */;
			compatibilityVersion = "Xcode 3.2";
			developmentRegion = English;
			hasScannedForEncodings = 0;
			knownRegions = (
				en,
				Base,
			);
			mainGroup = 493C603219FF42BC0018D4CE;
			productRefGroup = 493C603C19FF42BC0018D4CE /* Products */;
			projectDirPath = "";
			projectRoot = "";
			targets = (
				493C603A19FF42BC0018D4CE /* CodeFellows-First-SingleView-Example */,
				493C604F19FF42BD0018D4CE /* CodeFellows-First-SingleView-ExampleTests */,
			);
		};
/* End PBXProject section */

/* Begin PBXResourcesBuildPhase section */
		493C603919FF42BC0018D4CE /* Resources */ = {
			isa = PBXResourcesBuildPhase;
			buildActionMask = 2147483647;
			files = (
				493C604619FF42BC0018D4CE /* Main.storyboard in Resources */,
				493C604B19FF42BD0018D4CE /* LaunchScreen.xib in Resources */,
				493C604819FF42BD0018D4CE /* Images.xcassets in Resources */,
			);
			runOnlyForDeploymentPostprocessing = 0;
		};
		493C604E19FF42BD0018D4CE /* Resources */ = {
			isa = PBXResourcesBuildPhase;
			buildActionMask = 2147483647;
			files = (
			);
			runOnlyForDeploymentPostprocessing = 0;
		};
/* End PBXResourcesBuildPhase section */

/* Begin PBXSourcesBuildPhase section */
		493C603719FF42BC0018D4CE /* Sources */ = {
			isa = PBXSourcesBuildPhase;
			buildActionMask = 2147483647;
			files = (
				493C604319FF42BC0018D4CE /* ViewController.swift in Sources */,
				493C604119FF42BC0018D4CE /* AppDelegate.swift in Sources */,
			);
			runOnlyForDeploymentPostprocessing = 0;
		};
		493C604C19FF42BD0018D4CE /* Sources */ = {
			isa = PBXSourcesBuildPhase;
			buildActionMask = 2147483647;
			files = (
				493C605719FF42BD0018D4CE /* CodeFellows_First_SingleView_ExampleTests.swift in Sources */,
			);
			runOnlyForDeploymentPostprocessing = 0;
		};
/* End PBXSourcesBuildPhase section */

/* Begin PBXTargetDependency section */
		493C605219FF42BD0018D4CE /* PBXTargetDependency */ = {
			isa = PBXTargetDependency;
			target = 493C603A19FF42BC0018D4CE /* CodeFellows-First-SingleView-Example */;
			targetProxy = 493C605119FF42BD0018D4CE /* PBXContainerItemProxy */;
		};
/* End PBXTargetDependency section */

/* Begin PBXVariantGroup section */
		493C604419FF42BC0018D4CE /* Main.storyboard */ = {
			isa = PBXVariantGroup;
			children = (
				493C604519FF42BC0018D4CE /* Base */,
			);
			name = Main.storyboard;
			sourceTree = "<group>";
		};
		493C604919FF42BD0018D4CE /* LaunchScreen.xib */ = {
			isa = PBXVariantGroup;
			children = (
				493C604A19FF42BD0018D4CE /* Base */,
			);
			name = LaunchScreen.xib;
			sourceTree = "<group>";
		};
/* End PBXVariantGroup section */

/* Begin XCBuildConfiguration section */
		493C605819FF42BD0018D4CE /* Debug */ = {
			isa = XCBuildConfiguration;
			buildSettings = {
				ALWAYS_SEARCH_USER_PATHS = NO;
				CLANG_CXX_LANGUAGE_STANDARD = "gnu++0x";
				CLANG_CXX_LIBRARY = "libc++";
				CLANG_ENABLE_MODULES = YES;
				CLANG_ENABLE_OBJC_ARC = YES;
				CLANG_WARN_BOOL_CONVERSION = YES;
				CLANG_WARN_CONSTANT_CONVERSION = YES;
				CLANG_WARN_DIRECT_OBJC_ISA_USAGE = YES_ERROR;
				CLANG_WARN_EMPTY_BODY = YES;
				CLANG_WARN_ENUM_CONVERSION = YES;
				CLANG_WARN_INT_CONVERSION = YES;
				CLANG_WARN_OBJC_ROOT_CLASS = YES_ERROR;
				CLANG_WARN_UNREACHABLE_CODE = YES;
				CLANG_WARN__DUPLICATE_METHOD_MATCH = YES;
				"CODE_SIGN_IDENTITY[sdk=iphoneos*]" = "iPhone Developer";
				COPY_PHASE_STRIP = NO;
				ENABLE_STRICT_OBJC_MSGSEND = YES;
				GCC_C_LANGUAGE_STANDARD = gnu99;
				GCC_DYNAMIC_NO_PIC = NO;
				GCC_OPTIMIZATION_LEVEL = 0;
				GCC_PREPROCESSOR_DEFINITIONS = (
					"DEBUG=1",
					"$(inherited)",
				);
				GCC_SYMBOLS_PRIVATE_EXTERN = NO;
				GCC_WARN_64_TO_32_BIT_CONVERSION = YES;
				GCC_WARN_ABOUT_RETURN_TYPE = YES_ERROR;
				GCC_WARN_UNDECLARED_SELECTOR = YES;
				GCC_WARN_UNINITIALIZED_AUTOS = YES_AGGRESSIVE;
				GCC_WARN_UNUSED_FUNCTION = YES;
				GCC_WARN_UNUSED_VARIABLE = YES;
				IPHONEOS_DEPLOYMENT_TARGET = 8.1;
				MTL_ENABLE_DEBUG_INFO = YES;
				ONLY_ACTIVE_ARCH = YES;
				SDKROOT = iphoneos;
				SWIFT_OPTIMIZATION_LEVEL = "-Onone";
			};
			name = Debug;
		};
		493C605919FF42BD0018D4CE /* Release */ = {
			isa = XCBuildConfiguration;
			buildSettings = {
				ALWAYS_SEARCH_USER_PATHS = NO;
				CLANG_CXX_LANGUAGE_STANDARD = "gnu++0x";
				CLANG_CXX_LIBRARY = "libc++";
				CLANG_ENABLE_MODULES = YES;
				CLANG_ENABLE_OBJC_ARC = YES;
				CLANG_WARN_BOOL_CONVERSION = YES;
				CLANG_WARN_CONSTANT_CONVERSION = YES;
				CLANG_WARN_DIRECT_OBJC_ISA_USAGE = YES_ERROR;
				CLANG_WARN_EMPTY_BODY = YES;
				CLANG_WARN_ENUM_CONVERSION = YES;
				CLANG_WARN_INT_CONVERSION = YES;
				CLANG_WARN_OBJC_ROOT_CLASS = YES_ERROR;
				CLANG_WARN_UNREACHABLE_CODE = YES;
				CLANG_WARN__DUPLICATE_METHOD_MATCH = YES;
				"CODE_SIGN_IDENTITY[sdk=iphoneos*]" = "iPhone Developer";
				COPY_PHASE_STRIP = YES;
				ENABLE_NS_ASSERTIONS = NO;
				ENABLE_STRICT_OBJC_MSGSEND = YES;
				GCC_C_LANGUAGE_STANDARD = gnu99;
				GCC_WARN_64_TO_32_BIT_CONVERSION = YES;
				GCC_WARN_ABOUT_RETURN_TYPE = YES_ERROR;
				GCC_WARN_UNDECLARED_SELECTOR = YES;
				GCC_WARN_UNINITIALIZED_AUTOS = YES_AGGRESSIVE;
				GCC_WARN_UNUSED_FUNCTION = YES;
				GCC_WARN_UNUSED_VARIABLE = YES;
				IPHONEOS_DEPLOYMENT_TARGET = 8.1;
				MTL_ENABLE_DEBUG_INFO = NO;
				SDKROOT = iphoneos;
				VALIDATE_PRODUCT = YES;
			};
			name = Release;
		};
		493C605B19FF42BD0018D4CE /* Debug */ = {
			isa = XCBuildConfiguration;
			buildSettings = {
				ASSETCATALOG_COMPILER_APPICON_NAME = AppIcon;
				INFOPLIST_FILE = "CodeFellows-First-SingleView-Example/Info.plist";
				LD_RUNPATH_SEARCH_PATHS = "$(inherited) @executable_path/Frameworks";
				PRODUCT_NAME = "$(TARGET_NAME)";
			};
			name = Debug;
		};
		493C605C19FF42BD0018D4CE /* Release */ = {
			isa = XCBuildConfiguration;
			buildSettings = {
				ASSETCATALOG_COMPILER_APPICON_NAME = AppIcon;
				INFOPLIST_FILE = "CodeFellows-First-SingleView-Example/Info.plist";
				LD_RUNPATH_SEARCH_PATHS = "$(inherited) @executable_path/Frameworks";
				PRODUCT_NAME = "$(TARGET_NAME)";
			};
			name = Release;
		};
		493C605E19FF42BD0018D4CE /* Debug */ = {
			isa = XCBuildConfiguration;
			buildSettings = {
				BUNDLE_LOADER = "$(TEST_HOST)";
				FRAMEWORK_SEARCH_PATHS = (
					"$(SDKROOT)/Developer/Library/Frameworks",
					"$(inherited)",
				);
				GCC_PREPROCESSOR_DEFINITIONS = (
					"DEBUG=1",
					"$(inherited)",
				);
				INFOPLIST_FILE = "CodeFellows-First-SingleView-ExampleTests/Info.plist";
				LD_RUNPATH_SEARCH_PATHS = "$(inherited) @executable_path/Frameworks @loader_path/Frameworks";
				PRODUCT_NAME = "$(TARGET_NAME)";
				TEST_HOST = "$(BUILT_PRODUCTS_DIR)/CodeFellows-First-SingleView-Example.app/CodeFellows-First-SingleView-Example";
			};
			name = Debug;
		};
		493C605F19FF42BD0018D4CE /* Release */ = {
			isa = XCBuildConfiguration;
			buildSettings = {
				BUNDLE_LOADER = "$(TEST_HOST)";
				FRAMEWORK_SEARCH_PATHS = (
					"$(SDKROOT)/Developer/Library/Frameworks",
					"$(inherited)",
				);
				INFOPLIST_FILE = "CodeFellows-First-SingleView-ExampleTests/Info.plist";
				LD_RUNPATH_SEARCH_PATHS = "$(inherited) @executable_path/Frameworks @loader_path/Frameworks";
				PRODUCT_NAME = "$(TARGET_NAME)";
				TEST_HOST = "$(BUILT_PRODUCTS_DIR)/CodeFellows-First-SingleView-Example.app/CodeFellows-First-SingleView-Example";
			};
			name = Release;
		};
/* End XCBuildConfiguration section */

/* Begin XCConfigurationList section */
		493C603619FF42BC0018D4CE /* Build configuration list for PBXProject "CodeFellows-First-SingleView-Example" */ = {
			isa = XCConfigurationList;
			buildConfigurations = (
				493C605819FF42BD0018D4CE /* Debug */,
				493C605919FF42BD0018D4CE /* Release */,
			);
			defaultConfigurationIsVisible = 0;
			defaultConfigurationName = Release;
		};
		493C605A19FF42BD0018D4CE /* Build configuration list for PBXNativeTarget "CodeFellows-First-SingleView-Example" */ = {
			isa = XCConfigurationList;
			buildConfigurations = (
				493C605B19FF42BD0018D4CE /* Debug */,
				493C605C19FF42BD0018D4CE /* Release */,
			);
			defaultConfigurationIsVisible = 0;
		};
		493C605D19FF42BD0018D4CE /* Build configuration list for PBXNativeTarget "CodeFellows-First-SingleView-ExampleTests" */ = {
			isa = XCConfigurationList;
			buildConfigurations = (
				493C605E19FF42BD0018D4CE /* Debug */,
				493C605F19FF42BD0018D4CE /* Release */,
			);
			defaultConfigurationIsVisible = 0;
		};
/* End XCConfigurationList section */
	};
	rootObject = 493C603319FF42BC0018D4CE /* Project object */;
}
